
Microsoft Visual Studio Solution File, Format Version 12.00
# Visual Studio 15
VisualStudioVersion = 15.0.27703.2035
MinimumVisualStudioVersion = 10.0.40219.1
Project("{A07B5EB6-E848-4116-A8D0-A826331D98C6}") = "Coupon", "Coupon\Coupon.sfproj", "{C40216B9-2285-47C2-A1D5-B82E67E8B64B}"
EndProject
Project("{9A19103F-16F7-4668-BE54-9A1E7A4F7556}") = "Gateway", "Gateway\Gateway.csproj", "{03C652E8-AC07-4EF9-8790-70A52B14A76C}"
EndProject
Project("{9A19103F-16F7-4668-BE54-9A1E7A4F7556}") = "WebApp.Client", "WebApp.Client\WebApp.Client.csproj", "{02BD34CC-0A57-4598-B410-CE5926B5E734}"
EndProject
Project("{9A19103F-16F7-4668-BE54-9A1E7A4F7556}") = "WebApp.Shared", "WebApp.Shared\WebApp.Shared.csproj", "{826B2E08-FD7A-4723-91CA-C731EA6DFB1A}"
EndProject
Project("{2150E333-8FDC-42A3-9474-1A3956D46DE8}") = "Solution Itens", "Solution Itens", "{81A83C66-76B9-47DB-A1B8-54FE433B3A19}"
	ProjectSection(SolutionItems) = preProject
		Solution Itens\change-listener-pass.json = Solution Itens\change-listener-pass.json
		Solution Itens\files.txt = Solution Itens\files.txt
		Solution Itens\local.ini = Solution Itens\local.ini
	EndProjectSection
EndProject
Project("{FAE04EC0-301F-11D3-BF4B-00C04F79EFBC}") = "Register", "Register\Register.csproj", "{70B9C90D-985A-4ED5-B4BE-E552CB463910}"
EndProject
Project("{FAE04EC0-301F-11D3-BF4B-00C04F79EFBC}") = "PyGoogleImg", "PyGoogleImg\PyGoogleImg.csproj", "{7E465859-1F04-4E51-B9DD-409B09240F6C}"
EndProject
Project("{FAE04EC0-301F-11D3-BF4B-00C04F79EFBC}") = "Offers", "Offers\Offers.csproj", "{F315BEA1-402E-427D-96A0-C1B578C8AC54}"
EndProject
Global
	GlobalSection(SolutionConfigurationPlatforms) = preSolution
		Debug|Any CPU = Debug|Any CPU
		Debug|x64 = Debug|x64
		Release|Any CPU = Release|Any CPU
		Release|x64 = Release|x64
	EndGlobalSection
	GlobalSection(ProjectConfigurationPlatforms) = postSolution
		{C40216B9-2285-47C2-A1D5-B82E67E8B64B}.Debug|Any CPU.ActiveCfg = Debug|x64
		{C40216B9-2285-47C2-A1D5-B82E67E8B64B}.Debug|x64.ActiveCfg = Debug|x64
		{C40216B9-2285-47C2-A1D5-B82E67E8B64B}.Debug|x64.Build.0 = Debug|x64
		{C40216B9-2285-47C2-A1D5-B82E67E8B64B}.Debug|x64.Deploy.0 = Debug|x64
		{C40216B9-2285-47C2-A1D5-B82E67E8B64B}.Release|Any CPU.ActiveCfg = Release|x64
		{C40216B9-2285-47C2-A1D5-B82E67E8B64B}.Release|x64.ActiveCfg = Release|x64
		{C40216B9-2285-47C2-A1D5-B82E67E8B64B}.Release|x64.Build.0 = Release|x64
		{C40216B9-2285-47C2-A1D5-B82E67E8B64B}.Release|x64.Deploy.0 = Release|x64
		{03C652E8-AC07-4EF9-8790-70A52B14A76C}.Debug|Any CPU.ActiveCfg = Debug|Any CPU
		{03C652E8-AC07-4EF9-8790-70A52B14A76C}.Debug|Any CPU.Build.0 = Debug|Any CPU
		{03C652E8-AC07-4EF9-8790-70A52B14A76C}.Debug|x64.ActiveCfg = Debug|Any CPU
		{03C652E8-AC07-4EF9-8790-70A52B14A76C}.Debug|x64.Build.0 = Debug|Any CPU
		{03C652E8-AC07-4EF9-8790-70A52B14A76C}.Release|Any CPU.ActiveCfg = Release|Any CPU
		{03C652E8-AC07-4EF9-8790-70A52B14A76C}.Release|Any CPU.Build.0 = Release|Any CPU
		{03C652E8-AC07-4EF9-8790-70A52B14A76C}.Release|x64.ActiveCfg = Release|Any CPU
		{03C652E8-AC07-4EF9-8790-70A52B14A76C}.Release|x64.Build.0 = Release|Any CPU
		{02BD34CC-0A57-4598-B410-CE5926B5E734}.Debug|Any CPU.ActiveCfg = Debug|Any CPU
		{02BD34CC-0A57-4598-B410-CE5926B5E734}.Debug|Any CPU.Build.0 = Debug|Any CPU
		{02BD34CC-0A57-4598-B410-CE5926B5E734}.Debug|x64.ActiveCfg = Debug|Any CPU
		{02BD34CC-0A57-4598-B410-CE5926B5E734}.Debug|x64.Build.0 = Debug|Any CPU
		{02BD34CC-0A57-4598-B410-CE5926B5E734}.Release|Any CPU.ActiveCfg = Release|Any CPU
		{02BD34CC-0A57-4598-B410-CE5926B5E734}.Release|Any CPU.Build.0 = Release|Any CPU
		{02BD34CC-0A57-4598-B410-CE5926B5E734}.Release|x64.ActiveCfg = Release|Any CPU
		{02BD34CC-0A57-4598-B410-CE5926B5E734}.Release|x64.Build.0 = Release|Any CPU
		{826B2E08-FD7A-4723-91CA-C731EA6DFB1A}.Debug|Any CPU.ActiveCfg = Debug|Any CPU
		{826B2E08-FD7A-4723-91CA-C731EA6DFB1A}.Debug|Any CPU.Build.0 = Debug|Any CPU
		{826B2E08-FD7A-4723-91CA-C731EA6DFB1A}.Debug|x64.ActiveCfg = Debug|Any CPU
		{826B2E08-FD7A-4723-91CA-C731EA6DFB1A}.Debug|x64.Build.0 = Debug|Any CPU
		{826B2E08-FD7A-4723-91CA-C731EA6DFB1A}.Release|Any CPU.ActiveCfg = Release|Any CPU
		{826B2E08-FD7A-4723-91CA-C731EA6DFB1A}.Release|Any CPU.Build.0 = Release|Any CPU
		{826B2E08-FD7A-4723-91CA-C731EA6DFB1A}.Release|x64.ActiveCfg = Release|Any CPU
		{826B2E08-FD7A-4723-91CA-C731EA6DFB1A}.Release|x64.Build.0 = Release|Any CPU
		{70B9C90D-985A-4ED5-B4BE-E552CB463910}.Debug|Any CPU.ActiveCfg = Debug|Any CPU
		{70B9C90D-985A-4ED5-B4BE-E552CB463910}.Debug|Any CPU.Build.0 = Debug|Any CPU
		{70B9C90D-985A-4ED5-B4BE-E552CB463910}.Debug|x64.ActiveCfg = Debug|Any CPU
		{70B9C90D-985A-4ED5-B4BE-E552CB463910}.Debug|x64.Build.0 = Debug|Any CPU
		{70B9C90D-985A-4ED5-B4BE-E552CB463910}.Release|Any CPU.ActiveCfg = Release|Any CPU
		{70B9C90D-985A-4ED5-B4BE-E552CB463910}.Release|Any CPU.Build.0 = Release|Any CPU
		{70B9C90D-985A-4ED5-B4BE-E552CB463910}.Release|x64.ActiveCfg = Release|Any CPU
		{70B9C90D-985A-4ED5-B4BE-E552CB463910}.Release|x64.Build.0 = Release|Any CPU
		{7E465859-1F04-4E51-B9DD-409B09240F6C}.Debug|Any CPU.ActiveCfg = Debug|Any CPU
		{7E465859-1F04-4E51-B9DD-409B09240F6C}.Debug|Any CPU.Build.0 = Debug|Any CPU
		{7E465859-1F04-4E51-B9DD-409B09240F6C}.Debug|x64.ActiveCfg = Debug|Any CPU
		{7E465859-1F04-4E51-B9DD-409B09240F6C}.Debug|x64.Build.0 = Debug|Any CPU
		{7E465859-1F04-4E51-B9DD-409B09240F6C}.Release|Any CPU.ActiveCfg = Release|Any CPU
		{7E465859-1F04-4E51-B9DD-409B09240F6C}.Release|Any CPU.Build.0 = Release|Any CPU
		{7E465859-1F04-4E51-B9DD-409B09240F6C}.Release|x64.ActiveCfg = Release|Any CPU
		{7E465859-1F04-4E51-B9DD-409B09240F6C}.Release|x64.Build.0 = Release|Any CPU
		{F315BEA1-402E-427D-96A0-C1B578C8AC54}.Debug|Any CPU.ActiveCfg = Debug|Any CPU
		{F315BEA1-402E-427D-96A0-C1B578C8AC54}.Debug|Any CPU.Build.0 = Debug|Any CPU
		{F315BEA1-402E-427D-96A0-C1B578C8AC54}.Debug|x64.ActiveCfg = Debug|Any CPU
		{F315BEA1-402E-427D-96A0-C1B578C8AC54}.Debug|x64.Build.0 = Debug|Any CPU
		{F315BEA1-402E-427D-96A0-C1B578C8AC54}.Release|Any CPU.ActiveCfg = Release|Any CPU
		{F315BEA1-402E-427D-96A0-C1B578C8AC54}.Release|Any CPU.Build.0 = Release|Any CPU
		{F315BEA1-402E-427D-96A0-C1B578C8AC54}.Release|x64.ActiveCfg = Release|Any CPU
		{F315BEA1-402E-427D-96A0-C1B578C8AC54}.Release|x64.Build.0 = Release|Any CPU
	EndGlobalSection
	GlobalSection(SolutionProperties) = preSolution
		HideSolutionNode = FALSE
	EndGlobalSection
	GlobalSection(ExtensibilityGlobals) = postSolution
		SolutionGuid = {5798E0E9-D32D-4BE1-8AE0-0A9E1645FBCC}
	EndGlobalSection
EndGlobal
